
Microsoft Visual Studio Solution File, Format Version 12.00
# Visual Studio Version 17
VisualStudioVersion = 17.2.32630.192
MinimumVisualStudioVersion = 10.0.40219.1
Project("{FAE04EC0-301F-11D3-BF4B-00C04F79EFBC}") = "Hackaton", "Hackaton.csproj", "{C3014223-94FF-46DF-A566-46629B239541}"
EndProject
Global
	GlobalSection(SolutionConfigurationPlatforms) = preSolution
		Debug|Any CPU = Debug|Any CPU
		Release|Any CPU = Release|Any CPU
	EndGlobalSection
	GlobalSection(ProjectConfigurationPlatforms) = postSolution
		{C3014223-94FF-46DF-A566-46629B239541}.Debug|Any CPU.ActiveCfg = Debug|Any CPU
		{C3014223-94FF-46DF-A566-46629B239541}.Debug|Any CPU.Build.0 = Debug|Any CPU
		{C3014223-94FF-46DF-A566-46629B239541}.Release|Any CPU.ActiveCfg = Release|Any CPU
		{C3014223-94FF-46DF-A566-46629B239541}.Release|Any CPU.Build.0 = Release|Any CPU
	EndGlobalSection
	GlobalSection(SolutionProperties) = preSolution
		HideSolutionNode = FALSE
	EndGlobalSection
	GlobalSection(ExtensibilityGlobals) = postSolution
		SolutionGuid = {5C3A218D-BF7F-407E-A9F1-A48B6BF0EB9C}
	EndGlobalSection
EndGlobal
